
Microsoft Visual Studio Solution File, Format Version 12.00
Project("{FAE04EC0-301F-11D3-BF4B-00C04F79EFBC}") = "LMS-Tutor", "LMS-Tutor\LMS-Tutor.csproj", "{4AD57767-2012-486B-B9BB-C9B87569FBEB}"
EndProject
Global
	GlobalSection(SolutionConfigurationPlatforms) = preSolution
		Debug|Any CPU = Debug|Any CPU
		Release|Any CPU = Release|Any CPU
	EndGlobalSection
	GlobalSection(ProjectConfigurationPlatforms) = postSolution
		{4AD57767-2012-486B-B9BB-C9B87569FBEB}.Debug|Any CPU.ActiveCfg = Debug|Any CPU
		{4AD57767-2012-486B-B9BB-C9B87569FBEB}.Debug|Any CPU.Build.0 = Debug|Any CPU
		{4AD57767-2012-486B-B9BB-C9B87569FBEB}.Release|Any CPU.ActiveCfg = Release|Any CPU
		{4AD57767-2012-486B-B9BB-C9B87569FBEB}.Release|Any CPU.Build.0 = Release|Any CPU
	EndGlobalSection
EndGlobal
